
Microsoft Visual Studio Solution File, Format Version 12.00
# Visual Studio Version 16
VisualStudioVersion = 16.0.31702.278
MinimumVisualStudioVersion = 10.0.40219.1
Project("{FAE04EC0-301F-11D3-BF4B-00C04F79EFBC}") = "JsonCommsTutorial", "JsonCommsTutorial\JsonCommsTutorial.csproj", "{B58AE40F-B049-4883-A591-45AFFBDCA77F}"
EndProject
Global
	GlobalSection(SolutionConfigurationPlatforms) = preSolution
		Debug|Any CPU = Debug|Any CPU
		Release|Any CPU = Release|Any CPU
	EndGlobalSection
	GlobalSection(ProjectConfigurationPlatforms) = postSolution
		{B58AE40F-B049-4883-A591-45AFFBDCA77F}.Debug|Any CPU.ActiveCfg = Debug|Any CPU
		{B58AE40F-B049-4883-A591-45AFFBDCA77F}.Debug|Any CPU.Build.0 = Debug|Any CPU
		{B58AE40F-B049-4883-A591-45AFFBDCA77F}.Release|Any CPU.ActiveCfg = Release|Any CPU
		{B58AE40F-B049-4883-A591-45AFFBDCA77F}.Release|Any CPU.Build.0 = Release|Any CPU
	EndGlobalSection
	GlobalSection(SolutionProperties) = preSolution
		HideSolutionNode = FALSE
	EndGlobalSection
	GlobalSection(ExtensibilityGlobals) = postSolution
		SolutionGuid = {160B2280-9EC5-4C61-A3AE-D9D8B461C652}
	EndGlobalSection
EndGlobal
